
Microsoft Visual Studio Solution File, Format Version 12.00
# Visual Studio 15
VisualStudioVersion = 15.0.28307.421
MinimumVisualStudioVersion = 10.0.40219.1
Project("{FAE04EC0-301F-11D3-BF4B-00C04F79EFBC}") = "VehicleMarket", "VehicleMarket\VehicleMarket.csproj", "{A006FFCF-EE1E-4014-82FA-8AA945261C17}"
EndProject
Global
	GlobalSection(SolutionConfigurationPlatforms) = preSolution
		Debug|Any CPU = Debug|Any CPU
		Release|Any CPU = Release|Any CPU
	EndGlobalSection
	GlobalSection(ProjectConfigurationPlatforms) = postSolution
		{A006FFCF-EE1E-4014-82FA-8AA945261C17}.Debug|Any CPU.ActiveCfg = Debug|Any CPU
		{A006FFCF-EE1E-4014-82FA-8AA945261C17}.Debug|Any CPU.Build.0 = Debug|Any CPU
		{A006FFCF-EE1E-4014-82FA-8AA945261C17}.Release|Any CPU.ActiveCfg = Release|Any CPU
		{A006FFCF-EE1E-4014-82FA-8AA945261C17}.Release|Any CPU.Build.0 = Release|Any CPU
	EndGlobalSection
	GlobalSection(SolutionProperties) = preSolution
		HideSolutionNode = FALSE
	EndGlobalSection
	GlobalSection(ExtensibilityGlobals) = postSolution
		SolutionGuid = {10BF64C9-3684-4E42-8C90-C6C62346C969}
	EndGlobalSection
EndGlobal
